// !$*UTF8*$!
{
	archiveVersion = 1;
	classes = {
	};
	objectVersion = 46;
	objects = {

/* Begin PBXBuildFile section */
		3A32811D1DC42D4B00A63E4C /* AppDelegate.swift in Sources */ = {isa = PBXBuildFile; fileRef = 3A32811C1DC42D4B00A63E4C /* AppDelegate.swift */; };
		3A3281221DC42D4B00A63E4C /* Main.storyboard in Resources */ = {isa = PBXBuildFile; fileRef = 3A3281201DC42D4B00A63E4C /* Main.storyboard */; };
		3A3281241DC42D4B00A63E4C /* Assets.xcassets in Resources */ = {isa = PBXBuildFile; fileRef = 3A3281231DC42D4B00A63E4C /* Assets.xcassets */; };
		3A3281271DC42D4B00A63E4C /* LaunchScreen.storyboard in Resources */ = {isa = PBXBuildFile; fileRef = 3A3281251DC42D4B00A63E4C /* LaunchScreen.storyboard */; };
		3A3281321DC42D4B00A63E4C /* TwitterTests.swift in Sources */ = {isa = PBXBuildFile; fileRef = 3A3281311DC42D4B00A63E4C /* TwitterTests.swift */; };
		3A32813D1DC42D4B00A63E4C /* TwitterUITests.swift in Sources */ = {isa = PBXBuildFile; fileRef = 3A32813C1DC42D4B00A63E4C /* TwitterUITests.swift */; };
		3A3281531DC4343500A63E4C /* OAuthSwift.framework in Frameworks */ = {isa = PBXBuildFile; fileRef = 3A3281521DC4343500A63E4C /* OAuthSwift.framework */; };
		3A3281541DC4343500A63E4C /* OAuthSwift.framework in Embed Frameworks */ = {isa = PBXBuildFile; fileRef = 3A3281521DC4343500A63E4C /* OAuthSwift.framework */; settings = {ATTRIBUTES = (CodeSignOnCopy, RemoveHeadersOnCopy, ); }; };
		3A3281561DC43C5A00A63E4C /* TwitterClient.swift in Sources */ = {isa = PBXBuildFile; fileRef = 3A3281551DC43C5A00A63E4C /* TwitterClient.swift */; };
		3A3281581DC440F000A63E4C /* Tweet.swift in Sources */ = {isa = PBXBuildFile; fileRef = 3A3281571DC440F000A63E4C /* Tweet.swift */; };
		3A32815B1DC450CE00A63E4C /* WelcomeViewController.swift in Sources */ = {isa = PBXBuildFile; fileRef = 3A32815A1DC450CE00A63E4C /* WelcomeViewController.swift */; };
		3A32815D1DC4513D00A63E4C /* HomeViewController.swift in Sources */ = {isa = PBXBuildFile; fileRef = 3A32815C1DC4513D00A63E4C /* HomeViewController.swift */; };
		3A3281691DC5673600A63E4C /* Realm.framework in Frameworks */ = {isa = PBXBuildFile; fileRef = 3A3281651DC566FF00A63E4C /* Realm.framework */; };
		3A32816A1DC5673600A63E4C /* Realm.framework in Embed Frameworks */ = {isa = PBXBuildFile; fileRef = 3A3281651DC566FF00A63E4C /* Realm.framework */; settings = {ATTRIBUTES = (CodeSignOnCopy, RemoveHeadersOnCopy, ); }; };
		3A32816B1DC5673600A63E4C /* RealmSwift.framework in Frameworks */ = {isa = PBXBuildFile; fileRef = 3A3281671DC5670600A63E4C /* RealmSwift.framework */; };
		3A32816C1DC5673600A63E4C /* RealmSwift.framework in Embed Frameworks */ = {isa = PBXBuildFile; fileRef = 3A3281671DC5670600A63E4C /* RealmSwift.framework */; settings = {ATTRIBUTES = (CodeSignOnCopy, RemoveHeadersOnCopy, ); }; };
		3A32816F1DC5B34000A63E4C /* User.swift in Sources */ = {isa = PBXBuildFile; fileRef = 3A32816E1DC5B34000A63E4C /* User.swift */; };
		3A3281711DC5C2CE00A63E4C /* Media.swift in Sources */ = {isa = PBXBuildFile; fileRef = 3A3281701DC5C2CE00A63E4C /* Media.swift */; };
		3A3281751DC7B09200A63E4C /* TweetCell.swift in Sources */ = {isa = PBXBuildFile; fileRef = 3A3281731DC7B09200A63E4C /* TweetCell.swift */; };
		3A3281761DC7B09200A63E4C /* TweetCell.xib in Resources */ = {isa = PBXBuildFile; fileRef = 3A3281741DC7B09200A63E4C /* TweetCell.xib */; };
		3A3281781DC7B1C000A63E4C /* InfiniteScrollActivityView.swift in Sources */ = {isa = PBXBuildFile; fileRef = 3A3281771DC7B1C000A63E4C /* InfiniteScrollActivityView.swift */; };
		3A728E8E1DC7BD2E00177182 /* Kingfisher.framework in Frameworks */ = {isa = PBXBuildFile; fileRef = 3A728E8B1DC7B7CB00177182 /* Kingfisher.framework */; };
		3A728E8F1DC7BD2E00177182 /* Kingfisher.framework in Embed Frameworks */ = {isa = PBXBuildFile; fileRef = 3A728E8B1DC7B7CB00177182 /* Kingfisher.framework */; settings = {ATTRIBUTES = (CodeSignOnCopy, RemoveHeadersOnCopy, ); }; };
		3A728E911DC7E6EC00177182 /* ComposeViewController.swift in Sources */ = {isa = PBXBuildFile; fileRef = 3A728E901DC7E6EC00177182 /* ComposeViewController.swift */; };
		3A728E931DC804C200177182 /* TweetDetailViewController.swift in Sources */ = {isa = PBXBuildFile; fileRef = 3A728E921DC804C200177182 /* TweetDetailViewController.swift */; };
/* End PBXBuildFile section */

/* Begin PBXContainerItemProxy section */
		3A32812E1DC42D4B00A63E4C /* PBXContainerItemProxy */ = {
			isa = PBXContainerItemProxy;
			containerPortal = 3A3281111DC42D4B00A63E4C /* Project object */;
			proxyType = 1;
			remoteGlobalIDString = 3A3281181DC42D4B00A63E4C;
			remoteInfo = Twitter;
		};
		3A3281391DC42D4B00A63E4C /* PBXContainerItemProxy */ = {
			isa = PBXContainerItemProxy;
			containerPortal = 3A3281111DC42D4B00A63E4C /* Project object */;
			proxyType = 1;
			remoteGlobalIDString = 3A3281181DC42D4B00A63E4C;
			remoteInfo = Twitter;
		};
/* End PBXContainerItemProxy section */

/* Begin PBXCopyFilesBuildPhase section */
		3A3281511DC4322800A63E4C /* Embed Frameworks */ = {
			isa = PBXCopyFilesBuildPhase;
			buildActionMask = 2147483647;
			dstPath = "";
			dstSubfolderSpec = 10;
			files = (
				3A32816A1DC5673600A63E4C /* Realm.framework in Embed Frameworks */,
				3A3281541DC4343500A63E4C /* OAuthSwift.framework in Embed Frameworks */,
				3A728E8F1DC7BD2E00177182 /* Kingfisher.framework in Embed Frameworks */,
				3A32816C1DC5673600A63E4C /* RealmSwift.framework in Embed Frameworks */,
			);
			name = "Embed Frameworks";
			runOnlyForDeploymentPostprocessing = 0;
		};
/* End PBXCopyFilesBuildPhase section */

/* Begin PBXFileReference section */
		3A3281191DC42D4B00A63E4C /* Twitter.app */ = {isa = PBXFileReference; explicitFileType = wrapper.application; includeInIndex = 0; path = Twitter.app; sourceTree = BUILT_PRODUCTS_DIR; };
		3A32811C1DC42D4B00A63E4C /* AppDelegate.swift */ = {isa = PBXFileReference; lastKnownFileType = sourcecode.swift; path = AppDelegate.swift; sourceTree = "<group>"; };
		3A3281211DC42D4B00A63E4C /* Base */ = {isa = PBXFileReference; lastKnownFileType = file.storyboard; name = Base; path = Base.lproj/Main.storyboard; sourceTree = "<group>"; };
		3A3281231DC42D4B00A63E4C /* Assets.xcassets */ = {isa = PBXFileReference; lastKnownFileType = folder.assetcatalog; path = Assets.xcassets; sourceTree = "<group>"; };
		3A3281261DC42D4B00A63E4C /* Base */ = {isa = PBXFileReference; lastKnownFileType = file.storyboard; name = Base; path = Base.lproj/LaunchScreen.storyboard; sourceTree = "<group>"; };
		3A3281281DC42D4B00A63E4C /* Info.plist */ = {isa = PBXFileReference; lastKnownFileType = text.plist.xml; path = Info.plist; sourceTree = "<group>"; };
		3A32812D1DC42D4B00A63E4C /* TwitterTests.xctest */ = {isa = PBXFileReference; explicitFileType = wrapper.cfbundle; includeInIndex = 0; path = TwitterTests.xctest; sourceTree = BUILT_PRODUCTS_DIR; };
		3A3281311DC42D4B00A63E4C /* TwitterTests.swift */ = {isa = PBXFileReference; lastKnownFileType = sourcecode.swift; path = TwitterTests.swift; sourceTree = "<group>"; };
		3A3281331DC42D4B00A63E4C /* Info.plist */ = {isa = PBXFileReference; lastKnownFileType = text.plist.xml; path = Info.plist; sourceTree = "<group>"; };
		3A3281381DC42D4B00A63E4C /* TwitterUITests.xctest */ = {isa = PBXFileReference; explicitFileType = wrapper.cfbundle; includeInIndex = 0; path = TwitterUITests.xctest; sourceTree = BUILT_PRODUCTS_DIR; };
		3A32813C1DC42D4B00A63E4C /* TwitterUITests.swift */ = {isa = PBXFileReference; lastKnownFileType = sourcecode.swift; path = TwitterUITests.swift; sourceTree = "<group>"; };
		3A32813E1DC42D4B00A63E4C /* Info.plist */ = {isa = PBXFileReference; lastKnownFileType = text.plist.xml; path = Info.plist; sourceTree = "<group>"; };
		3A3281521DC4343500A63E4C /* OAuthSwift.framework */ = {isa = PBXFileReference; lastKnownFileType = wrapper.framework; name = OAuthSwift.framework; path = Carthage/Build/iOS/OAuthSwift.framework; sourceTree = "<group>"; };
		3A3281551DC43C5A00A63E4C /* TwitterClient.swift */ = {isa = PBXFileReference; fileEncoding = 4; lastKnownFileType = sourcecode.swift; path = TwitterClient.swift; sourceTree = "<group>"; };
		3A3281571DC440F000A63E4C /* Tweet.swift */ = {isa = PBXFileReference; fileEncoding = 4; lastKnownFileType = sourcecode.swift; path = Tweet.swift; sourceTree = "<group>"; };
		3A32815A1DC450CE00A63E4C /* WelcomeViewController.swift */ = {isa = PBXFileReference; fileEncoding = 4; lastKnownFileType = sourcecode.swift; path = WelcomeViewController.swift; sourceTree = "<group>"; };
		3A32815C1DC4513D00A63E4C /* HomeViewController.swift */ = {isa = PBXFileReference; fileEncoding = 4; lastKnownFileType = sourcecode.swift; path = HomeViewController.swift; sourceTree = "<group>"; };
		3A3281651DC566FF00A63E4C /* Realm.framework */ = {isa = PBXFileReference; lastKnownFileType = wrapper.framework; path = Realm.framework; sourceTree = "<group>"; };
		3A3281671DC5670600A63E4C /* RealmSwift.framework */ = {isa = PBXFileReference; lastKnownFileType = wrapper.framework; path = RealmSwift.framework; sourceTree = "<group>"; };
		3A32816E1DC5B34000A63E4C /* User.swift */ = {isa = PBXFileReference; fileEncoding = 4; lastKnownFileType = sourcecode.swift; path = User.swift; sourceTree = "<group>"; };
		3A3281701DC5C2CE00A63E4C /* Media.swift */ = {isa = PBXFileReference; fileEncoding = 4; lastKnownFileType = sourcecode.swift; path = Media.swift; sourceTree = "<group>"; };
		3A3281731DC7B09200A63E4C /* TweetCell.swift */ = {isa = PBXFileReference; fileEncoding = 4; lastKnownFileType = sourcecode.swift; path = TweetCell.swift; sourceTree = "<group>"; };
		3A3281741DC7B09200A63E4C /* TweetCell.xib */ = {isa = PBXFileReference; fileEncoding = 4; lastKnownFileType = file.xib; path = TweetCell.xib; sourceTree = "<group>"; };
		3A3281771DC7B1C000A63E4C /* InfiniteScrollActivityView.swift */ = {isa = PBXFileReference; fileEncoding = 4; lastKnownFileType = sourcecode.swift; path = InfiniteScrollActivityView.swift; sourceTree = "<group>"; };
		3A728E8B1DC7B7CB00177182 /* Kingfisher.framework */ = {isa = PBXFileReference; lastKnownFileType = wrapper.framework; name = Kingfisher.framework; path = Carthage/Build/iOS/Kingfisher.framework; sourceTree = "<group>"; };
		3A728E901DC7E6EC00177182 /* ComposeViewController.swift */ = {isa = PBXFileReference; fileEncoding = 4; lastKnownFileType = sourcecode.swift; path = ComposeViewController.swift; sourceTree = "<group>"; };
		3A728E921DC804C200177182 /* TweetDetailViewController.swift */ = {isa = PBXFileReference; fileEncoding = 4; lastKnownFileType = sourcecode.swift; path = TweetDetailViewController.swift; sourceTree = "<group>"; };
/* End PBXFileReference section */

/* Begin PBXFrameworksBuildPhase section */
		3A3281161DC42D4B00A63E4C /* Frameworks */ = {
			isa = PBXFrameworksBuildPhase;
			buildActionMask = 2147483647;
			files = (
				3A3281691DC5673600A63E4C /* Realm.framework in Frameworks */,
				3A3281531DC4343500A63E4C /* OAuthSwift.framework in Frameworks */,
				3A728E8E1DC7BD2E00177182 /* Kingfisher.framework in Frameworks */,
				3A32816B1DC5673600A63E4C /* RealmSwift.framework in Frameworks */,
			);
			runOnlyForDeploymentPostprocessing = 0;
		};
		3A32812A1DC42D4B00A63E4C /* Frameworks */ = {
			isa = PBXFrameworksBuildPhase;
			buildActionMask = 2147483647;
			files = (
			);
			runOnlyForDeploymentPostprocessing = 0;
		};
		3A3281351DC42D4B00A63E4C /* Frameworks */ = {
			isa = PBXFrameworksBuildPhase;
			buildActionMask = 2147483647;
			files = (
			);
			runOnlyForDeploymentPostprocessing = 0;
		};
/* End PBXFrameworksBuildPhase section */

/* Begin PBXGroup section */
		3A3281101DC42D4B00A63E4C = {
			isa = PBXGroup;
			children = (
				3A3281651DC566FF00A63E4C /* Realm.framework */,
				3A3281671DC5670600A63E4C /* RealmSwift.framework */,
				3A3281521DC4343500A63E4C /* OAuthSwift.framework */,
				3A32811B1DC42D4B00A63E4C /* Twitter */,
				3A3281301DC42D4B00A63E4C /* TwitterTests */,
				3A32813B1DC42D4B00A63E4C /* TwitterUITests */,
				3A32811A1DC42D4B00A63E4C /* Products */,
				3A728E8A1DC7B7CA00177182 /* Frameworks */,
			);
			sourceTree = "<group>";
		};
		3A32811A1DC42D4B00A63E4C /* Products */ = {
			isa = PBXGroup;
			children = (
				3A3281191DC42D4B00A63E4C /* Twitter.app */,
				3A32812D1DC42D4B00A63E4C /* TwitterTests.xctest */,
				3A3281381DC42D4B00A63E4C /* TwitterUITests.xctest */,
			);
			name = Products;
			sourceTree = "<group>";
		};
		3A32811B1DC42D4B00A63E4C /* Twitter */ = {
			isa = PBXGroup;
			children = (
				3A3281591DC4410C00A63E4C /* Models */,
				3A3281721DC7B05800A63E4C /* Views */,
				3A3281631DC5137600A63E4C /* Controllers */,
				3A3281641DC5138800A63E4C /* Service */,
				3A32811C1DC42D4B00A63E4C /* AppDelegate.swift */,
				3A3281201DC42D4B00A63E4C /* Main.storyboard */,
				3A3281231DC42D4B00A63E4C /* Assets.xcassets */,
				3A3281251DC42D4B00A63E4C /* LaunchScreen.storyboard */,
				3A3281281DC42D4B00A63E4C /* Info.plist */,
			);
			path = Twitter;
			sourceTree = "<group>";
		};
		3A3281301DC42D4B00A63E4C /* TwitterTests */ = {
			isa = PBXGroup;
			children = (
				3A3281311DC42D4B00A63E4C /* TwitterTests.swift */,
				3A3281331DC42D4B00A63E4C /* Info.plist */,
			);
			path = TwitterTests;
			sourceTree = "<group>";
		};
		3A32813B1DC42D4B00A63E4C /* TwitterUITests */ = {
			isa = PBXGroup;
			children = (
				3A32813C1DC42D4B00A63E4C /* TwitterUITests.swift */,
				3A32813E1DC42D4B00A63E4C /* Info.plist */,
			);
			path = TwitterUITests;
			sourceTree = "<group>";
		};
		3A3281591DC4410C00A63E4C /* Models */ = {
			isa = PBXGroup;
			children = (
				3A3281571DC440F000A63E4C /* Tweet.swift */,
				3A32816E1DC5B34000A63E4C /* User.swift */,
				3A3281701DC5C2CE00A63E4C /* Media.swift */,
			);
			name = Models;
			sourceTree = "<group>";
		};
		3A3281631DC5137600A63E4C /* Controllers */ = {
			isa = PBXGroup;
			children = (
				3A32815A1DC450CE00A63E4C /* WelcomeViewController.swift */,
				3A32815C1DC4513D00A63E4C /* HomeViewController.swift */,
				3A728E901DC7E6EC00177182 /* ComposeViewController.swift */,
				3A728E921DC804C200177182 /* TweetDetailViewController.swift */,
			);
			name = Controllers;
			sourceTree = "<group>";
		};
		3A3281641DC5138800A63E4C /* Service */ = {
			isa = PBXGroup;
			children = (
				3A3281551DC43C5A00A63E4C /* TwitterClient.swift */,
			);
			name = Service;
			sourceTree = "<group>";
		};
		3A3281721DC7B05800A63E4C /* Views */ = {
			isa = PBXGroup;
			children = (
				3A3281731DC7B09200A63E4C /* TweetCell.swift */,
				3A3281741DC7B09200A63E4C /* TweetCell.xib */,
				3A3281771DC7B1C000A63E4C /* InfiniteScrollActivityView.swift */,
			);
			name = Views;
			sourceTree = "<group>";
		};
		3A728E8A1DC7B7CA00177182 /* Frameworks */ = {
			isa = PBXGroup;
			children = (
				3A728E8B1DC7B7CB00177182 /* Kingfisher.framework */,
			);
			name = Frameworks;
			sourceTree = "<group>";
		};
/* End PBXGroup section */

/* Begin PBXNativeTarget section */
		3A3281181DC42D4B00A63E4C /* Twitter */ = {
			isa = PBXNativeTarget;
			buildConfigurationList = 3A3281411DC42D4B00A63E4C /* Build configuration list for PBXNativeTarget "Twitter" */;
			buildPhases = (
				3A3281151DC42D4B00A63E4C /* Sources */,
				3A3281161DC42D4B00A63E4C /* Frameworks */,
				3A3281171DC42D4B00A63E4C /* Resources */,
				3A3281511DC4322800A63E4C /* Embed Frameworks */,
				3A32816D1DC5675C00A63E4C /* Run Script Realm */,
				3A728E8D1DC7B7DD00177182 /* Run Script Kingfisher */,
			);
			buildRules = (
			);
			dependencies = (
			);
			name = Twitter;
			productName = Twitter;
			productReference = 3A3281191DC42D4B00A63E4C /* Twitter.app */;
			productType = "com.apple.product-type.application";
		};
		3A32812C1DC42D4B00A63E4C /* TwitterTests */ = {
			isa = PBXNativeTarget;
			buildConfigurationList = 3A3281441DC42D4B00A63E4C /* Build configuration list for PBXNativeTarget "TwitterTests" */;
			buildPhases = (
				3A3281291DC42D4B00A63E4C /* Sources */,
				3A32812A1DC42D4B00A63E4C /* Frameworks */,
				3A32812B1DC42D4B00A63E4C /* Resources */,
			);
			buildRules = (
			);
			dependencies = (
				3A32812F1DC42D4B00A63E4C /* PBXTargetDependency */,
			);
			name = TwitterTests;
			productName = TwitterTests;
			productReference = 3A32812D1DC42D4B00A63E4C /* TwitterTests.xctest */;
			productType = "com.apple.product-type.bundle.unit-test";
		};
		3A3281371DC42D4B00A63E4C /* TwitterUITests */ = {
			isa = PBXNativeTarget;
			buildConfigurationList = 3A3281471DC42D4B00A63E4C /* Build configuration list for PBXNativeTarget "TwitterUITests" */;
			buildPhases = (
				3A3281341DC42D4B00A63E4C /* Sources */,
				3A3281351DC42D4B00A63E4C /* Frameworks */,
				3A3281361DC42D4B00A63E4C /* Resources */,
			);
			buildRules = (
			);
			dependencies = (
				3A32813A1DC42D4B00A63E4C /* PBXTargetDependency */,
			);
			name = TwitterUITests;
			productName = TwitterUITests;
			productReference = 3A3281381DC42D4B00A63E4C /* TwitterUITests.xctest */;
			productType = "com.apple.product-type.bundle.ui-testing";
		};
/* End PBXNativeTarget section */

/* Begin PBXProject section */
		3A3281111DC42D4B00A63E4C /* Project object */ = {
			isa = PBXProject;
			attributes = {
				LastSwiftUpdateCheck = 0800;
				LastUpgradeCheck = 0800;
				ORGANIZATIONNAME = "Zhaolong Zhong";
				TargetAttributes = {
					3A3281181DC42D4B00A63E4C = {
						CreatedOnToolsVersion = 8.0;
						DevelopmentTeam = Z6DQ796RKP;
						ProvisioningStyle = Automatic;
					};
					3A32812C1DC42D4B00A63E4C = {
						CreatedOnToolsVersion = 8.0;
						DevelopmentTeam = Z6DQ796RKP;
						ProvisioningStyle = Automatic;
						TestTargetID = 3A3281181DC42D4B00A63E4C;
					};
					3A3281371DC42D4B00A63E4C = {
						CreatedOnToolsVersion = 8.0;
						DevelopmentTeam = Z6DQ796RKP;
						ProvisioningStyle = Automatic;
						TestTargetID = 3A3281181DC42D4B00A63E4C;
					};
				};
			};
			buildConfigurationList = 3A3281141DC42D4B00A63E4C /* Build configuration list for PBXProject "Twitter" */;
			compatibilityVersion = "Xcode 3.2";
			developmentRegion = English;
			hasScannedForEncodings = 0;
			knownRegions = (
				en,
				Base,
			);
			mainGroup = 3A3281101DC42D4B00A63E4C;
			productRefGroup = 3A32811A1DC42D4B00A63E4C /* Products */;
			projectDirPath = "";
			projectRoot = "";
			targets = (
				3A3281181DC42D4B00A63E4C /* Twitter */,
				3A32812C1DC42D4B00A63E4C /* TwitterTests */,
				3A3281371DC42D4B00A63E4C /* TwitterUITests */,
			);
		};
/* End PBXProject section */

/* Begin PBXResourcesBuildPhase section */
		3A3281171DC42D4B00A63E4C /* Resources */ = {
			isa = PBXResourcesBuildPhase;
			buildActionMask = 2147483647;
			files = (
				3A3281271DC42D4B00A63E4C /* LaunchScreen.storyboard in Resources */,
				3A3281241DC42D4B00A63E4C /* Assets.xcassets in Resources */,
				3A3281221DC42D4B00A63E4C /* Main.storyboard in Resources */,
				3A3281761DC7B09200A63E4C /* TweetCell.xib in Resources */,
			);
			runOnlyForDeploymentPostprocessing = 0;
		};
		3A32812B1DC42D4B00A63E4C /* Resources */ = {
			isa = PBXResourcesBuildPhase;
			buildActionMask = 2147483647;
			files = (
			);
			runOnlyForDeploymentPostprocessing = 0;
		};
		3A3281361DC42D4B00A63E4C /* Resources */ = {
			isa = PBXResourcesBuildPhase;
			buildActionMask = 2147483647;
			files = (
			);
			runOnlyForDeploymentPostprocessing = 0;
		};
/* End PBXResourcesBuildPhase section */

/* Begin PBXShellScriptBuildPhase section */
		3A32816D1DC5675C00A63E4C /* Run Script Realm */ = {
			isa = PBXShellScriptBuildPhase;
			buildActionMask = 2147483647;
			files = (
			);
			inputPaths = (
			);
			name = "Run Script Realm";
			outputPaths = (
			);
			runOnlyForDeploymentPostprocessing = 0;
			shellPath = /bin/sh;
			shellScript = "bash \"${BUILT_PRODUCTS_DIR}/${FRAMEWORKS_FOLDER_PATH}/Realm.framework/strip-frameworks.sh\"";
		};
		3A728E8D1DC7B7DD00177182 /* Run Script Kingfisher */ = {
			isa = PBXShellScriptBuildPhase;
			buildActionMask = 2147483647;
			files = (
			);
			inputPaths = (
				"$(SRCROOT)/Carthage/Build/iOS/Kingfisher.framework",
			);
			name = "Run Script Kingfisher";
			outputPaths = (
			);
			runOnlyForDeploymentPostprocessing = 0;
			shellPath = /bin/sh;
			shellScript = "/usr/local/bin/carthage copy-frameworks";
		};
/* End PBXShellScriptBuildPhase section */

/* Begin PBXSourcesBuildPhase section */
		3A3281151DC42D4B00A63E4C /* Sources */ = {
			isa = PBXSourcesBuildPhase;
			buildActionMask = 2147483647;
			files = (
				3A3281781DC7B1C000A63E4C /* InfiniteScrollActivityView.swift in Sources */,
				3A32815B1DC450CE00A63E4C /* WelcomeViewController.swift in Sources */,
				3A728E931DC804C200177182 /* TweetDetailViewController.swift in Sources */,
				3A3281561DC43C5A00A63E4C /* TwitterClient.swift in Sources */,
				3A3281711DC5C2CE00A63E4C /* Media.swift in Sources */,
				3A3281751DC7B09200A63E4C /* TweetCell.swift in Sources */,
				3A728E911DC7E6EC00177182 /* ComposeViewController.swift in Sources */,
				3A32816F1DC5B34000A63E4C /* User.swift in Sources */,
				3A32815D1DC4513D00A63E4C /* HomeViewController.swift in Sources */,
				3A32811D1DC42D4B00A63E4C /* AppDelegate.swift in Sources */,
				3A3281581DC440F000A63E4C /* Tweet.swift in Sources */,
			);
			runOnlyForDeploymentPostprocessing = 0;
		};
		3A3281291DC42D4B00A63E4C /* Sources */ = {
			isa = PBXSourcesBuildPhase;
			buildActionMask = 2147483647;
			files = (
				3A3281321DC42D4B00A63E4C /* TwitterTests.swift in Sources */,
			);
			runOnlyForDeploymentPostprocessing = 0;
		};
		3A3281341DC42D4B00A63E4C /* Sources */ = {
			isa = PBXSourcesBuildPhase;
			buildActionMask = 2147483647;
			files = (
				3A32813D1DC42D4B00A63E4C /* TwitterUITests.swift in Sources */,
			);
			runOnlyForDeploymentPostprocessing = 0;
		};
/* End PBXSourcesBuildPhase section */

/* Begin PBXTargetDependency section */
		3A32812F1DC42D4B00A63E4C /* PBXTargetDependency */ = {
			isa = PBXTargetDependency;
			target = 3A3281181DC42D4B00A63E4C /* Twitter */;
			targetProxy = 3A32812E1DC42D4B00A63E4C /* PBXContainerItemProxy */;
		};
		3A32813A1DC42D4B00A63E4C /* PBXTargetDependency */ = {
			isa = PBXTargetDependency;
			target = 3A3281181DC42D4B00A63E4C /* Twitter */;
			targetProxy = 3A3281391DC42D4B00A63E4C /* PBXContainerItemProxy */;
		};
/* End PBXTargetDependency section */

/* Begin PBXVariantGroup section */
		3A3281201DC42D4B00A63E4C /* Main.storyboard */ = {
			isa = PBXVariantGroup;
			children = (
				3A3281211DC42D4B00A63E4C /* Base */,
			);
			name = Main.storyboard;
			sourceTree = "<group>";
		};
		3A3281251DC42D4B00A63E4C /* LaunchScreen.storyboard */ = {
			isa = PBXVariantGroup;
			children = (
				3A3281261DC42D4B00A63E4C /* Base */,
			);
			name = LaunchScreen.storyboard;
			sourceTree = "<group>";
		};
/* End PBXVariantGroup section */

/* Begin XCBuildConfiguration section */
		3A32813F1DC42D4B00A63E4C /* Debug */ = {
			isa = XCBuildConfiguration;
			buildSettings = {
				ALWAYS_SEARCH_USER_PATHS = NO;
				CLANG_ANALYZER_NONNULL = YES;
				CLANG_CXX_LANGUAGE_STANDARD = "gnu++0x";
				CLANG_CXX_LIBRARY = "libc++";
				CLANG_ENABLE_MODULES = YES;
				CLANG_ENABLE_OBJC_ARC = YES;
				CLANG_WARN_BOOL_CONVERSION = YES;
				CLANG_WARN_CONSTANT_CONVERSION = YES;
				CLANG_WARN_DIRECT_OBJC_ISA_USAGE = YES_ERROR;
				CLANG_WARN_DOCUMENTATION_COMMENTS = YES;
				CLANG_WARN_EMPTY_BODY = YES;
				CLANG_WARN_ENUM_CONVERSION = YES;
				CLANG_WARN_INFINITE_RECURSION = YES;
				CLANG_WARN_INT_CONVERSION = YES;
				CLANG_WARN_OBJC_ROOT_CLASS = YES_ERROR;
				CLANG_WARN_SUSPICIOUS_MOVES = YES;
				CLANG_WARN_UNREACHABLE_CODE = YES;
				CLANG_WARN__DUPLICATE_METHOD_MATCH = YES;
				"CODE_SIGN_IDENTITY[sdk=iphoneos*]" = "iPhone Developer";
				COPY_PHASE_STRIP = NO;
				DEBUG_INFORMATION_FORMAT = dwarf;
				ENABLE_STRICT_OBJC_MSGSEND = YES;
				ENABLE_TESTABILITY = YES;
				GCC_C_LANGUAGE_STANDARD = gnu99;
				GCC_DYNAMIC_NO_PIC = NO;
				GCC_NO_COMMON_BLOCKS = YES;
				GCC_OPTIMIZATION_LEVEL = 0;
				GCC_PREPROCESSOR_DEFINITIONS = (
					"DEBUG=1",
					"$(inherited)",
				);
				GCC_WARN_64_TO_32_BIT_CONVERSION = YES;
				GCC_WARN_ABOUT_RETURN_TYPE = YES_ERROR;
				GCC_WARN_UNDECLARED_SELECTOR = YES;
				GCC_WARN_UNINITIALIZED_AUTOS = YES_AGGRESSIVE;
				GCC_WARN_UNUSED_FUNCTION = YES;
				GCC_WARN_UNUSED_VARIABLE = YES;
				IPHONEOS_DEPLOYMENT_TARGET = 10.0;
				MTL_ENABLE_DEBUG_INFO = YES;
				ONLY_ACTIVE_ARCH = YES;
				SDKROOT = iphoneos;
				SWIFT_ACTIVE_COMPILATION_CONDITIONS = DEBUG;
				SWIFT_OPTIMIZATION_LEVEL = "-Onone";
				TARGETED_DEVICE_FAMILY = "1,2";
			};
			name = Debug;
		};
		3A3281401DC42D4B00A63E4C /* Release */ = {
			isa = XCBuildConfiguration;
			buildSettings = {
				ALWAYS_SEARCH_USER_PATHS = NO;
				CLANG_ANALYZER_NONNULL = YES;
				CLANG_CXX_LANGUAGE_STANDARD = "gnu++0x";
				CLANG_CXX_LIBRARY = "libc++";
				CLANG_ENABLE_MODULES = YES;
				CLANG_ENABLE_OBJC_ARC = YES;
				CLANG_WARN_BOOL_CONVERSION = YES;
				CLANG_WARN_CONSTANT_CONVERSION = YES;
				CLANG_WARN_DIRECT_OBJC_ISA_USAGE = YES_ERROR;
				CLANG_WARN_DOCUMENTATION_COMMENTS = YES;
				CLANG_WARN_EMPTY_BODY = YES;
				CLANG_WARN_ENUM_CONVERSION = YES;
				CLANG_WARN_INFINITE_RECURSION = YES;
				CLANG_WARN_INT_CONVERSION = YES;
				CLANG_WARN_OBJC_ROOT_CLASS = YES_ERROR;
				CLANG_WARN_SUSPICIOUS_MOVES = YES;
				CLANG_WARN_UNREACHABLE_CODE = YES;
				CLANG_WARN__DUPLICATE_METHOD_MATCH = YES;
				"CODE_SIGN_IDENTITY[sdk=iphoneos*]" = "iPhone Developer";
				COPY_PHASE_STRIP = NO;
				DEBUG_INFORMATION_FORMAT = "dwarf-with-dsym";
				ENABLE_NS_ASSERTIONS = NO;
				ENABLE_STRICT_OBJC_MSGSEND = YES;
				GCC_C_LANGUAGE_STANDARD = gnu99;
				GCC_NO_COMMON_BLOCKS = YES;
				GCC_WARN_64_TO_32_BIT_CONVERSION = YES;
				GCC_WARN_ABOUT_RETURN_TYPE = YES_ERROR;
				GCC_WARN_UNDECLARED_SELECTOR = YES;
				GCC_WARN_UNINITIALIZED_AUTOS = YES_AGGRESSIVE;
				GCC_WARN_UNUSED_FUNCTION = YES;
				GCC_WARN_UNUSED_VARIABLE = YES;
				IPHONEOS_DEPLOYMENT_TARGET = 10.0;
				MTL_ENABLE_DEBUG_INFO = NO;
				SDKROOT = iphoneos;
				SWIFT_OPTIMIZATION_LEVEL = "-Owholemodule";
				TARGETED_DEVICE_FAMILY = "1,2";
				VALIDATE_PRODUCT = YES;
			};
			name = Release;
		};
		3A3281421DC42D4B00A63E4C /* Debug */ = {
			isa = XCBuildConfiguration;
			buildSettings = {
				ASSETCATALOG_COMPILER_APPICON_NAME = AppIcon;
				DEVELOPMENT_TEAM = Z6DQ796RKP;
				FRAMEWORK_SEARCH_PATHS = (
					"$(inherited)",
					"$(PROJECT_DIR)/Carthage/Build/iOS",
					"$(PROJECT_DIR)",
				);
				INFOPLIST_FILE = Twitter/Info.plist;
				IPHONEOS_DEPLOYMENT_TARGET = 9.0;
				LD_RUNPATH_SEARCH_PATHS = "$(inherited) @executable_path/Frameworks";
				PRODUCT_BUNDLE_IDENTIFIER = com.zhaolongzhong.Twitter;
				PRODUCT_NAME = "$(TARGET_NAME)";
				SWIFT_VERSION = 3.0;
			};
			name = Debug;
		};
		3A3281431DC42D4B00A63E4C /* Release */ = {
			isa = XCBuildConfiguration;
			buildSettings = {
				ASSETCATALOG_COMPILER_APPICON_NAME = AppIcon;
				DEVELOPMENT_TEAM = Z6DQ796RKP;
				FRAMEWORK_SEARCH_PATHS = (
					"$(inherited)",
					"$(PROJECT_DIR)/Carthage/Build/iOS",
					"$(PROJECT_DIR)",
				);
				INFOPLIST_FILE = Twitter/Info.plist;
				IPHONEOS_DEPLOYMENT_TARGET = 9.0;
				LD_RUNPATH_SEARCH_PATHS = "$(inherited) @executable_path/Frameworks";
				PRODUCT_BUNDLE_IDENTIFIER = com.zhaolongzhong.Twitter;
				PRODUCT_NAME = "$(TARGET_NAME)";
				SWIFT_VERSION = 3.0;
			};
			name = Release;
		};
		3A3281451DC42D4B00A63E4C /* Debug */ = {
			isa = XCBuildConfiguration;
			buildSettings = {
				ALWAYS_EMBED_SWIFT_STANDARD_LIBRARIES = YES;
				BUNDLE_LOADER = "$(TEST_HOST)";
				DEVELOPMENT_TEAM = Z6DQ796RKP;
				INFOPLIST_FILE = TwitterTests/Info.plist;
				LD_RUNPATH_SEARCH_PATHS = "$(inherited) @executable_path/Frameworks @loader_path/Frameworks";
				PRODUCT_BUNDLE_IDENTIFIER = com.zhaolongzhong.TwitterTests;
				PRODUCT_NAME = "$(TARGET_NAME)";
				SWIFT_VERSION = 3.0;
				TEST_HOST = "$(BUILT_PRODUCTS_DIR)/Twitter.app/Twitter";
			};
			name = Debug;
		};
		3A3281461DC42D4B00A63E4C /* Release */ = {
			isa = XCBuildConfiguration;
			buildSettings = {
				ALWAYS_EMBED_SWIFT_STANDARD_LIBRARIES = YES;
				BUNDLE_LOADER = "$(TEST_HOST)";
				DEVELOPMENT_TEAM = Z6DQ796RKP;
				INFOPLIST_FILE = TwitterTests/Info.plist;
				LD_RUNPATH_SEARCH_PATHS = "$(inherited) @executable_path/Frameworks @loader_path/Frameworks";
				PRODUCT_BUNDLE_IDENTIFIER = com.zhaolongzhong.TwitterTests;
				PRODUCT_NAME = "$(TARGET_NAME)";
				SWIFT_VERSION = 3.0;
				TEST_HOST = "$(BUILT_PRODUCTS_DIR)/Twitter.app/Twitter";
			};
			name = Release;
		};
		3A3281481DC42D4B00A63E4C /* Debug */ = {
			isa = XCBuildConfiguration;
			buildSettings = {
				ALWAYS_EMBED_SWIFT_STANDARD_LIBRARIES = YES;
				DEVELOPMENT_TEAM = Z6DQ796RKP;
				INFOPLIST_FILE = TwitterUITests/Info.plist;
				LD_RUNPATH_SEARCH_PATHS = "$(inherited) @executable_path/Frameworks @loader_path/Frameworks";
				PRODUCT_BUNDLE_IDENTIFIER = com.zhaolongzhong.TwitterUITests;
				PRODUCT_NAME = "$(TARGET_NAME)";
				SWIFT_VERSION = 3.0;
				TEST_TARGET_NAME = Twitter;
			};
			name = Debug;
		};
		3A3281491DC42D4B00A63E4C /* Release */ = {
			isa = XCBuildConfiguration;
			buildSettings = {
				ALWAYS_EMBED_SWIFT_STANDARD_LIBRARIES = YES;
				DEVELOPMENT_TEAM = Z6DQ796RKP;
				INFOPLIST_FILE = TwitterUITests/Info.plist;
				LD_RUNPATH_SEARCH_PATHS = "$(inherited) @executable_path/Frameworks @loader_path/Frameworks";
				PRODUCT_BUNDLE_IDENTIFIER = com.zhaolongzhong.TwitterUITests;
				PRODUCT_NAME = "$(TARGET_NAME)";
				SWIFT_VERSION = 3.0;
				TEST_TARGET_NAME = Twitter;
			};
			name = Release;
		};
/* End XCBuildConfiguration section */

/* Begin XCConfigurationList section */
		3A3281141DC42D4B00A63E4C /* Build configuration list for PBXProject "Twitter" */ = {
			isa = XCConfigurationList;
			buildConfigurations = (
				3A32813F1DC42D4B00A63E4C /* Debug */,
				3A3281401DC42D4B00A63E4C /* Release */,
			);
			defaultConfigurationIsVisible = 0;
			defaultConfigurationName = Release;
		};
		3A3281411DC42D4B00A63E4C /* Build configuration list for PBXNativeTarget "Twitter" */ = {
			isa = XCConfigurationList;
			buildConfigurations = (
				3A3281421DC42D4B00A63E4C /* Debug */,
				3A3281431DC42D4B00A63E4C /* Release */,
			);
			defaultConfigurationIsVisible = 0;
			defaultConfigurationName = Release;
		};
		3A3281441DC42D4B00A63E4C /* Build configuration list for PBXNativeTarget "TwitterTests" */ = {
			isa = XCConfigurationList;
			buildConfigurations = (
				3A3281451DC42D4B00A63E4C /* Debug */,
				3A3281461DC42D4B00A63E4C /* Release */,
			);
			defaultConfigurationIsVisible = 0;
			defaultConfigurationName = Release;
		};
		3A3281471DC42D4B00A63E4C /* Build configuration list for PBXNativeTarget "TwitterUITests" */ = {
			isa = XCConfigurationList;
			buildConfigurations = (
				3A3281481DC42D4B00A63E4C /* Debug */,
				3A3281491DC42D4B00A63E4C /* Release */,
			);
			defaultConfigurationIsVisible = 0;
			defaultConfigurationName = Release;
		};
/* End XCConfigurationList section */
	};
	rootObject = 3A3281111DC42D4B00A63E4C /* Project object */;
}
